
Microsoft Visual Studio Solution File, Format Version 11.00
# Visual Studio 2010
Project("{FAE04EC0-301F-11D3-BF4B-00C04F79EFBC}") = "Assembly-CSharp", "Assembly-CSharp.csproj", "{1a1fe271-77a2-7d23-7559-7dac0400f86d}"
EndProject
Project("{FAE04EC0-301F-11D3-BF4B-00C04F79EFBC}") = "Assembly-CSharp-Editor", "Assembly-CSharp-Editor.csproj", "{6e42c7b9-d59c-71c9-6985-473e036066b4}"
EndProject
Global
	GlobalSection(SolutionConfigurationPlatforms) = preSolution
		Debug|Any CPU = Debug|Any CPU
		Release|Any CPU = Release|Any CPU
	EndGlobalSection
	GlobalSection(ProjectConfigurationPlatforms) = postSolution
		{1a1fe271-77a2-7d23-7559-7dac0400f86d}.Debug|Any CPU.ActiveCfg = Debug|Any CPU
		{1a1fe271-77a2-7d23-7559-7dac0400f86d}.Debug|Any CPU.Build.0 = Debug|Any CPU
		{1a1fe271-77a2-7d23-7559-7dac0400f86d}.Release|Any CPU.ActiveCfg = Release|Any CPU
		{1a1fe271-77a2-7d23-7559-7dac0400f86d}.Release|Any CPU.Build.0 = Release|Any CPU
		{6e42c7b9-d59c-71c9-6985-473e036066b4}.Debug|Any CPU.ActiveCfg = Debug|Any CPU
		{6e42c7b9-d59c-71c9-6985-473e036066b4}.Debug|Any CPU.Build.0 = Debug|Any CPU
		{6e42c7b9-d59c-71c9-6985-473e036066b4}.Release|Any CPU.ActiveCfg = Release|Any CPU
		{6e42c7b9-d59c-71c9-6985-473e036066b4}.Release|Any CPU.Build.0 = Release|Any CPU
	EndGlobalSection
	GlobalSection(SolutionProperties) = preSolution
		HideSolutionNode = FALSE
	EndGlobalSection
EndGlobal
